# THIS IS AN AUTOGENERATED FILE. DO NOT EDIT THIS FILE DIRECTLY.
# yarn lockfile v1


typescript@^3.9.0-dev.20200427:
  version "3.9.0-dev.20200427"
  resolved "https://registry.yarnpkg.com/typescript/-/typescript-3.9.0-dev.20200427.tgz#e42d606d938575dfb7b0b66f04a31b5f0eb0be57"
  integrity sha512-ja/GhL7BHT+VQZiLoYMGJt2CP1Pdr0EhYefv4LLw4tVooSuCDB8SDKT/i/HwsoPgQ4ZaYfg1vPl+1RhiO3bwJg==
